// !$*UTF8*$!
{
	archiveVersion = 1;
	classes = {
	};
	objectVersion = 46;
	objects = {

/* Begin PBXBuildFile section */
		37148D3F1C593D6500A0047E /* ProfileViewController.swift in Sources */ = {isa = PBXBuildFile; fileRef = 37148D3E1C593D6500A0047E /* ProfileViewController.swift */; };
		371C59E51C71FF72008AD6FB /* InfosViewController.swift in Sources */ = {isa = PBXBuildFile; fileRef = 371C59E41C71FF72008AD6FB /* InfosViewController.swift */; };
		371C59E71C7214B7008AD6FB /* Utilities.swift in Sources */ = {isa = PBXBuildFile; fileRef = 371C59E61C7214B7008AD6FB /* Utilities.swift */; };
		371C59E91C72173A008AD6FB /* style.css in Resources */ = {isa = PBXBuildFile; fileRef = 371C59E81C72173A008AD6FB /* style.css */; };
		37B43D1B1C569E34005E850C /* AppDelegate.swift in Sources */ = {isa = PBXBuildFile; fileRef = 37B43D1A1C569E34005E850C /* AppDelegate.swift */; };
		37B43D1D1C569E34005E850C /* MainViewController.swift in Sources */ = {isa = PBXBuildFile; fileRef = 37B43D1C1C569E34005E850C /* MainViewController.swift */; };
		37B43D201C569E34005E850C /* Main.storyboard in Resources */ = {isa = PBXBuildFile; fileRef = 37B43D1E1C569E34005E850C /* Main.storyboard */; };
		37B43D221C569E34005E850C /* Assets.xcassets in Resources */ = {isa = PBXBuildFile; fileRef = 37B43D211C569E34005E850C /* Assets.xcassets */; };
		37B43D251C569E34005E850C /* LaunchScreen.storyboard in Resources */ = {isa = PBXBuildFile; fileRef = 37B43D231C569E34005E850C /* LaunchScreen.storyboard */; };
		37CDA1B11C591828001AE75B /* Model.swift in Sources */ = {isa = PBXBuildFile; fileRef = 37CDA1B01C591828001AE75B /* Model.swift */; };
/* End PBXBuildFile section */

/* Begin PBXFileReference section */
		37148D3E1C593D6500A0047E /* ProfileViewController.swift */ = {isa = PBXFileReference; fileEncoding = 4; lastKnownFileType = sourcecode.swift; path = ProfileViewController.swift; sourceTree = "<group>"; };
		371C59E41C71FF72008AD6FB /* InfosViewController.swift */ = {isa = PBXFileReference; fileEncoding = 4; lastKnownFileType = sourcecode.swift; path = InfosViewController.swift; sourceTree = "<group>"; };
		371C59E61C7214B7008AD6FB /* Utilities.swift */ = {isa = PBXFileReference; fileEncoding = 4; lastKnownFileType = sourcecode.swift; path = Utilities.swift; sourceTree = "<group>"; };
		371C59E81C72173A008AD6FB /* style.css */ = {isa = PBXFileReference; fileEncoding = 4; lastKnownFileType = text.css; path = style.css; sourceTree = "<group>"; };
		37B43D171C569E34005E850C /* alcotest.app */ = {isa = PBXFileReference; explicitFileType = wrapper.application; includeInIndex = 0; path = alcotest.app; sourceTree = BUILT_PRODUCTS_DIR; };
		37B43D1A1C569E34005E850C /* AppDelegate.swift */ = {isa = PBXFileReference; lastKnownFileType = sourcecode.swift; path = AppDelegate.swift; sourceTree = "<group>"; };
		37B43D1C1C569E34005E850C /* MainViewController.swift */ = {isa = PBXFileReference; lastKnownFileType = sourcecode.swift; path = MainViewController.swift; sourceTree = "<group>"; };
		37B43D1F1C569E34005E850C /* Base */ = {isa = PBXFileReference; lastKnownFileType = file.storyboard; name = Base; path = Base.lproj/Main.storyboard; sourceTree = "<group>"; };
		37B43D211C569E34005E850C /* Assets.xcassets */ = {isa = PBXFileReference; lastKnownFileType = folder.assetcatalog; path = Assets.xcassets; sourceTree = "<group>"; };
		37B43D241C569E34005E850C /* Base */ = {isa = PBXFileReference; lastKnownFileType = file.storyboard; name = Base; path = Base.lproj/LaunchScreen.storyboard; sourceTree = "<group>"; };
		37B43D261C569E34005E850C /* Info.plist */ = {isa = PBXFileReference; lastKnownFileType = text.plist.xml; path = Info.plist; sourceTree = "<group>"; };
		37CDA1B01C591828001AE75B /* Model.swift */ = {isa = PBXFileReference; fileEncoding = 4; lastKnownFileType = sourcecode.swift; path = Model.swift; sourceTree = "<group>"; };
/* End PBXFileReference section */

/* Begin PBXFrameworksBuildPhase section */
		37B43D141C569E34005E850C /* Frameworks */ = {
			isa = PBXFrameworksBuildPhase;
			buildActionMask = 2147483647;
			files = (
			);
			runOnlyForDeploymentPostprocessing = 0;
		};
/* End PBXFrameworksBuildPhase section */

/* Begin PBXGroup section */
		37B43D0E1C569E34005E850C = {
			isa = PBXGroup;
			children = (
				37B43D191C569E34005E850C /* alcotest */,
				37B43D181C569E34005E850C /* Products */,
			);
			sourceTree = "<group>";
		};
		37B43D181C569E34005E850C /* Products */ = {
			isa = PBXGroup;
			children = (
				37B43D171C569E34005E850C /* alcotest.app */,
			);
			name = Products;
			sourceTree = "<group>";
		};
		37B43D191C569E34005E850C /* alcotest */ = {
			isa = PBXGroup;
			children = (
				37B43D1A1C569E34005E850C /* AppDelegate.swift */,
				37B43D1C1C569E34005E850C /* MainViewController.swift */,
				37B43D1E1C569E34005E850C /* Main.storyboard */,
				37B43D211C569E34005E850C /* Assets.xcassets */,
				37B43D231C569E34005E850C /* LaunchScreen.storyboard */,
				37B43D261C569E34005E850C /* Info.plist */,
				37CDA1B01C591828001AE75B /* Model.swift */,
				37148D3E1C593D6500A0047E /* ProfileViewController.swift */,
				371C59E41C71FF72008AD6FB /* InfosViewController.swift */,
				371C59E61C7214B7008AD6FB /* Utilities.swift */,
				371C59E81C72173A008AD6FB /* style.css */,
			);
			path = alcotest;
			sourceTree = "<group>";
		};
/* End PBXGroup section */

/* Begin PBXNativeTarget section */
		37B43D161C569E34005E850C /* alcotest */ = {
			isa = PBXNativeTarget;
			buildConfigurationList = 37B43D291C569E34005E850C /* Build configuration list for PBXNativeTarget "alcotest" */;
			buildPhases = (
				37B43D131C569E34005E850C /* Sources */,
				37B43D141C569E34005E850C /* Frameworks */,
				37B43D151C569E34005E850C /* Resources */,
			);
			buildRules = (
			);
			dependencies = (
			);
			name = alcotest;
			productName = alcotest;
			productReference = 37B43D171C569E34005E850C /* alcotest.app */;
			productType = "com.apple.product-type.application";
		};
/* End PBXNativeTarget section */

/* Begin PBXProject section */
		37B43D0F1C569E34005E850C /* Project object */ = {
			isa = PBXProject;
			attributes = {
				LastSwiftUpdateCheck = 0720;
				LastUpgradeCheck = 0720;
				ORGANIZATIONNAME = nicolas;
				TargetAttributes = {
					37B43D161C569E34005E850C = {
						CreatedOnToolsVersion = 7.2;
					};
				};
			};
			buildConfigurationList = 37B43D121C569E34005E850C /* Build configuration list for PBXProject "alcotest" */;
			compatibilityVersion = "Xcode 3.2";
			developmentRegion = English;
			hasScannedForEncodings = 0;
			knownRegions = (
				en,
				Base,
			);
			mainGroup = 37B43D0E1C569E34005E850C;
			productRefGroup = 37B43D181C569E34005E850C /* Products */;
			projectDirPath = "";
			projectRoot = "";
			targets = (
				37B43D161C569E34005E850C /* alcotest */,
			);
		};
/* End PBXProject section */

/* Begin PBXResourcesBuildPhase section */
		37B43D151C569E34005E850C /* Resources */ = {
			isa = PBXResourcesBuildPhase;
			buildActionMask = 2147483647;
			files = (
				37B43D251C569E34005E850C /* LaunchScreen.storyboard in Resources */,
				371C59E91C72173A008AD6FB /* style.css in Resources */,
				37B43D221C569E34005E850C /* Assets.xcassets in Resources */,
				37B43D201C569E34005E850C /* Main.storyboard in Resources */,
			);
			runOnlyForDeploymentPostprocessing = 0;
		};
/* End PBXResourcesBuildPhase section */

/* Begin PBXSourcesBuildPhase section */
		37B43D131C569E34005E850C /* Sources */ = {
			isa = PBXSourcesBuildPhase;
			buildActionMask = 2147483647;
			files = (
				371C59E71C7214B7008AD6FB /* Utilities.swift in Sources */,
				371C59E51C71FF72008AD6FB /* InfosViewController.swift in Sources */,
				37CDA1B11C591828001AE75B /* Model.swift in Sources */,
				37B43D1D1C569E34005E850C /* MainViewController.swift in Sources */,
				37148D3F1C593D6500A0047E /* ProfileViewController.swift in Sources */,
				37B43D1B1C569E34005E850C /* AppDelegate.swift in Sources */,
			);
			runOnlyForDeploymentPostprocessing = 0;
		};
/* End PBXSourcesBuildPhase section */

/* Begin PBXVariantGroup section */
		37B43D1E1C569E34005E850C /* Main.storyboard */ = {
			isa = PBXVariantGroup;
			children = (
				37B43D1F1C569E34005E850C /* Base */,
			);
			name = Main.storyboard;
			sourceTree = "<group>";
		};
		37B43D231C569E34005E850C /* LaunchScreen.storyboard */ = {
			isa = PBXVariantGroup;
			children = (
				37B43D241C569E34005E850C /* Base */,
			);
			name = LaunchScreen.storyboard;
			sourceTree = "<group>";
		};
/* End PBXVariantGroup section */

/* Begin XCBuildConfiguration section */
		37B43D271C569E34005E850C /* Debug */ = {
			isa = XCBuildConfiguration;
			buildSettings = {
				ALWAYS_SEARCH_USER_PATHS = NO;
				CLANG_CXX_LANGUAGE_STANDARD = "gnu++0x";
				CLANG_CXX_LIBRARY = "libc++";
				CLANG_ENABLE_MODULES = YES;
				CLANG_ENABLE_OBJC_ARC = YES;
				CLANG_WARN_BOOL_CONVERSION = YES;
				CLANG_WARN_CONSTANT_CONVERSION = YES;
				CLANG_WARN_DIRECT_OBJC_ISA_USAGE = YES_ERROR;
				CLANG_WARN_EMPTY_BODY = YES;
				CLANG_WARN_ENUM_CONVERSION = YES;
				CLANG_WARN_INT_CONVERSION = YES;
				CLANG_WARN_OBJC_ROOT_CLASS = YES_ERROR;
				CLANG_WARN_UNREACHABLE_CODE = YES;
				CLANG_WARN__DUPLICATE_METHOD_MATCH = YES;
				"CODE_SIGN_IDENTITY[sdk=iphoneos*]" = "iPhone Developer";
				COPY_PHASE_STRIP = NO;
				DEBUG_INFORMATION_FORMAT = dwarf;
				ENABLE_STRICT_OBJC_MSGSEND = YES;
				ENABLE_TESTABILITY = YES;
				GCC_C_LANGUAGE_STANDARD = gnu99;
				GCC_DYNAMIC_NO_PIC = NO;
				GCC_NO_COMMON_BLOCKS = YES;
				GCC_OPTIMIZATION_LEVEL = 0;
				GCC_PREPROCESSOR_DEFINITIONS = (
					"DEBUG=1",
					"$(inherited)",
				);
				GCC_WARN_64_TO_32_BIT_CONVERSION = YES;
				GCC_WARN_ABOUT_RETURN_TYPE = YES_ERROR;
				GCC_WARN_UNDECLARED_SELECTOR = YES;
				GCC_WARN_UNINITIALIZED_AUTOS = YES_AGGRESSIVE;
				GCC_WARN_UNUSED_FUNCTION = YES;
				GCC_WARN_UNUSED_VARIABLE = YES;
				IPHONEOS_DEPLOYMENT_TARGET = 9.2;
				MTL_ENABLE_DEBUG_INFO = YES;
				ONLY_ACTIVE_ARCH = YES;
				SDKROOT = iphoneos;
				SWIFT_OPTIMIZATION_LEVEL = "-Onone";
				TARGETED_DEVICE_FAMILY = "1,2";
			};
			name = Debug;
		};
		37B43D281C569E34005E850C /* Release */ = {
			isa = XCBuildConfiguration;
			buildSettings = {
				ALWAYS_SEARCH_USER_PATHS = NO;
				CLANG_CXX_LANGUAGE_STANDARD = "gnu++0x";
				CLANG_CXX_LIBRARY = "libc++";
				CLANG_ENABLE_MODULES = YES;
				CLANG_ENABLE_OBJC_ARC = YES;
				CLANG_WARN_BOOL_CONVERSION = YES;
				CLANG_WARN_CONSTANT_CONVERSION = YES;
				CLANG_WARN_DIRECT_OBJC_ISA_USAGE = YES_ERROR;
				CLANG_WARN_EMPTY_BODY = YES;
				CLANG_WARN_ENUM_CONVERSION = YES;
				CLANG_WARN_INT_CONVERSION = YES;
				CLANG_WARN_OBJC_ROOT_CLASS = YES_ERROR;
				CLANG_WARN_UNREACHABLE_CODE = YES;
				CLANG_WARN__DUPLICATE_METHOD_MATCH = YES;
				"CODE_SIGN_IDENTITY[sdk=iphoneos*]" = "iPhone Developer";
				COPY_PHASE_STRIP = NO;
				DEBUG_INFORMATION_FORMAT = "dwarf-with-dsym";
				ENABLE_NS_ASSERTIONS = NO;
				ENABLE_STRICT_OBJC_MSGSEND = YES;
				GCC_C_LANGUAGE_STANDARD = gnu99;
				GCC_NO_COMMON_BLOCKS = YES;
				GCC_WARN_64_TO_32_BIT_CONVERSION = YES;
				GCC_WARN_ABOUT_RETURN_TYPE = YES_ERROR;
				GCC_WARN_UNDECLARED_SELECTOR = YES;
				GCC_WARN_UNINITIALIZED_AUTOS = YES_AGGRESSIVE;
				GCC_WARN_UNUSED_FUNCTION = YES;
				GCC_WARN_UNUSED_VARIABLE = YES;
				IPHONEOS_DEPLOYMENT_TARGET = 9.2;
				MTL_ENABLE_DEBUG_INFO = NO;
				SDKROOT = iphoneos;
				TARGETED_DEVICE_FAMILY = "1,2";
				VALIDATE_PRODUCT = YES;
			};
			name = Release;
		};
		37B43D2A1C569E34005E850C /* Debug */ = {
			isa = XCBuildConfiguration;
			buildSettings = {
				ASSETCATALOG_COMPILER_APPICON_NAME = AppIcon;
				INFOPLIST_FILE = alcotest/Info.plist;
				LD_RUNPATH_SEARCH_PATHS = "$(inherited) @executable_path/Frameworks";
				PRODUCT_BUNDLE_IDENTIFIER = fr.lehovetzki.alcotest;
				PRODUCT_NAME = "$(TARGET_NAME)";
			};
			name = Debug;
		};
		37B43D2B1C569E34005E850C /* Release */ = {
			isa = XCBuildConfiguration;
			buildSettings = {
				ASSETCATALOG_COMPILER_APPICON_NAME = AppIcon;
				INFOPLIST_FILE = alcotest/Info.plist;
				LD_RUNPATH_SEARCH_PATHS = "$(inherited) @executable_path/Frameworks";
				PRODUCT_BUNDLE_IDENTIFIER = fr.lehovetzki.alcotest;
				PRODUCT_NAME = "$(TARGET_NAME)";
			};
			name = Release;
		};
/* End XCBuildConfiguration section */

/* Begin XCConfigurationList section */
		37B43D121C569E34005E850C /* Build configuration list for PBXProject "alcotest" */ = {
			isa = XCConfigurationList;
			buildConfigurations = (
				37B43D271C569E34005E850C /* Debug */,
				37B43D281C569E34005E850C /* Release */,
			);
			defaultConfigurationIsVisible = 0;
			defaultConfigurationName = Release;
		};
		37B43D291C569E34005E850C /* Build configuration list for PBXNativeTarget "alcotest" */ = {
			isa = XCConfigurationList;
			buildConfigurations = (
				37B43D2A1C569E34005E850C /* Debug */,
				37B43D2B1C569E34005E850C /* Release */,
			);
			defaultConfigurationIsVisible = 0;
			defaultConfigurationName = Release;
		};
/* End XCConfigurationList section */
	};
	rootObject = 37B43D0F1C569E34005E850C /* Project object */;
}
